
Microsoft Visual Studio Solution File, Format Version 12.00
# Visual Studio Version 17
VisualStudioVersion = 17.0.31903.59
MinimumVisualStudioVersion = 10.0.40219.1
Project("{8BC9CEB8-8B4A-11D0-8D11-00A0C91BC942}") = "EffekseerGodot4", "EffekseerGodot4.vcxproj", "{4EAFD5E8-4DE5-46C1-8659-E5C6403920FE}"
EndProject
Project("{8BC9CEB8-8B4A-11D0-8D11-00A0C91BC942}") = "Effekseer", "..\Effekseer\build\Dev\Cpp\Effekseer\Effekseer.vcxproj", "{33EC032D-72B1-3894-8AE7-FB8DD0E5654A}"
EndProject
Project("{911E67C6-3D85-4FCE-B560-20A9C3E3FF48}") = "Godot_v4.0-beta16_win64", "..\Godot_v4.0-beta16_win64.exe", "{50774147-3AF8-4DC5-AD38-262E583D45C7}"
	ProjectSection(DebuggerProjectSystem) = preProject
		PortSupplier = 00000000-0000-0000-0000-000000000000
		Executable = D:\home\work\Effekseer\EffekseerForGodot4\Dev\Godot_v4.0-beta16_win64.exe
		RemoteMachine = UM690-1
		StartingDirectory = D:\home\work\Effekseer\EffekseerForGodot4\Dev
		Arguments = --path ./Godot
		Environment = 既定
		LaunchingEngine = 00000000-0000-0000-0000-000000000000
		UseLegacyDebugEngines = No
		LaunchSQLEngine = No
		AttachLaunchAction = No
		IORedirection = Auto
	EndProjectSection
EndProject
Project("{911E67C6-3D85-4FCE-B560-20A9C3E3FF48}") = "Godot_v4.0-beta17_win64", "..\Godot_v4.0-beta17_win64.exe", "{97A13EC2-5405-45EA-8256-550B962E626F}"
	ProjectSection(DebuggerProjectSystem) = preProject
		PortSupplier = 00000000-0000-0000-0000-000000000000
		Executable = D:\home\work\Effekseer\EffekseerForGodot4\Dev\Godot_v4.0-beta17_win64.exe
		RemoteMachine = UM690-1
		StartingDirectory = D:\home\work\Effekseer\EffekseerForGodot4\Dev
		Arguments = --proj ./Godot/project.godot
		Environment = 既定
		LaunchingEngine = 00000000-0000-0000-0000-000000000000
		UseLegacyDebugEngines = No
		LaunchSQLEngine = No
		AttachLaunchAction = No
		IORedirection = Auto
	EndProjectSection
EndProject
Project("{911E67C6-3D85-4FCE-B560-20A9C3E3FF48}") = "Godot_v4.0-rc1_win64", "..\Godot_v4.0-rc1_win64.exe", "{B944B739-3C38-4551-A865-A953EA43614E}"
	ProjectSection(DebuggerProjectSystem) = preProject
		PortSupplier = 00000000-0000-0000-0000-000000000000
		Executable = D:\home\work\Effekseer\EffekseerForGodot4\Dev\Godot_v4.0-rc1_win64.exe
		RemoteMachine = UM690-1
		StartingDirectory = D:\home\work\Effekseer\EffekseerForGodot4\Dev
		Arguments = --proj ./Godot/project.godot
		Environment = 既定
		LaunchingEngine = 00000000-0000-0000-0000-000000000000
		UseLegacyDebugEngines = No
		LaunchSQLEngine = No
		AttachLaunchAction = No
		IORedirection = Auto
	EndProjectSection
EndProject
Project("{911E67C6-3D85-4FCE-B560-20A9C3E3FF48}") = "Godot_v4.0-rc2_win64", "..\Godot_v4.0-rc2_win64.exe", "{949E7FA5-D484-45B0-A98A-3CC0F5FDCD5A}"
	ProjectSection(DebuggerProjectSystem) = preProject
		PortSupplier = 00000000-0000-0000-0000-000000000000
		Executable = D:\home\work\Effekseer\EffekseerForGodot4\Dev\Godot_v4.0-rc2_win64.exe
		RemoteMachine = UM690-1
		StartingDirectory = D:\home\work\Effekseer\EffekseerForGodot4\Dev
		Arguments = --path ./Godot
		Environment = 既定
		LaunchingEngine = 00000000-0000-0000-0000-000000000000
		UseLegacyDebugEngines = No
		LaunchSQLEngine = No
		AttachLaunchAction = No
		IORedirection = Auto
	EndProjectSection
EndProject
Global
	GlobalSection(SolutionConfigurationPlatforms) = preSolution
		Debug|x64 = Debug|x64
		Debug|x86 = Debug|x86
		MinSizeRel|x64 = MinSizeRel|x64
		MinSizeRel|x86 = MinSizeRel|x86
		Release|x64 = Release|x64
		Release|x86 = Release|x86
		RelWithDebInfo|x64 = RelWithDebInfo|x64
		RelWithDebInfo|x86 = RelWithDebInfo|x86
	EndGlobalSection
	GlobalSection(ProjectConfigurationPlatforms) = postSolution
		{4EAFD5E8-4DE5-46C1-8659-E5C6403920FE}.Debug|x64.ActiveCfg = Debug|x64
		{4EAFD5E8-4DE5-46C1-8659-E5C6403920FE}.Debug|x64.Build.0 = Debug|x64
		{4EAFD5E8-4DE5-46C1-8659-E5C6403920FE}.Debug|x86.ActiveCfg = Debug|Win32
		{4EAFD5E8-4DE5-46C1-8659-E5C6403920FE}.Debug|x86.Build.0 = Debug|Win32
		{4EAFD5E8-4DE5-46C1-8659-E5C6403920FE}.MinSizeRel|x64.ActiveCfg = Release|x64
		{4EAFD5E8-4DE5-46C1-8659-E5C6403920FE}.MinSizeRel|x64.Build.0 = Release|x64
		{4EAFD5E8-4DE5-46C1-8659-E5C6403920FE}.MinSizeRel|x86.ActiveCfg = Release|Win32
		{4EAFD5E8-4DE5-46C1-8659-E5C6403920FE}.MinSizeRel|x86.Build.0 = Release|Win32
		{4EAFD5E8-4DE5-46C1-8659-E5C6403920FE}.Release|x64.ActiveCfg = Release|x64
		{4EAFD5E8-4DE5-46C1-8659-E5C6403920FE}.Release|x64.Build.0 = Release|x64
		{4EAFD5E8-4DE5-46C1-8659-E5C6403920FE}.Release|x86.ActiveCfg = Release|Win32
		{4EAFD5E8-4DE5-46C1-8659-E5C6403920FE}.Release|x86.Build.0 = Release|Win32
		{4EAFD5E8-4DE5-46C1-8659-E5C6403920FE}.RelWithDebInfo|x64.ActiveCfg = Release|x64
		{4EAFD5E8-4DE5-46C1-8659-E5C6403920FE}.RelWithDebInfo|x64.Build.0 = Release|x64
		{4EAFD5E8-4DE5-46C1-8659-E5C6403920FE}.RelWithDebInfo|x86.ActiveCfg = Release|Win32
		{4EAFD5E8-4DE5-46C1-8659-E5C6403920FE}.RelWithDebInfo|x86.Build.0 = Release|Win32
		{33EC032D-72B1-3894-8AE7-FB8DD0E5654A}.Debug|x64.ActiveCfg = Debug|x64
		{33EC032D-72B1-3894-8AE7-FB8DD0E5654A}.Debug|x64.Build.0 = Debug|x64
		{33EC032D-72B1-3894-8AE7-FB8DD0E5654A}.Debug|x86.ActiveCfg = Debug|x64
		{33EC032D-72B1-3894-8AE7-FB8DD0E5654A}.MinSizeRel|x64.ActiveCfg = MinSizeRel|x64
		{33EC032D-72B1-3894-8AE7-FB8DD0E5654A}.MinSizeRel|x64.Build.0 = MinSizeRel|x64
		{33EC032D-72B1-3894-8AE7-FB8DD0E5654A}.MinSizeRel|x86.ActiveCfg = MinSizeRel|x64
		{33EC032D-72B1-3894-8AE7-FB8DD0E5654A}.Release|x64.ActiveCfg = Release|x64
		{33EC032D-72B1-3894-8AE7-FB8DD0E5654A}.Release|x64.Build.0 = Release|x64
		{33EC032D-72B1-3894-8AE7-FB8DD0E5654A}.Release|x86.ActiveCfg = Release|x64
		{33EC032D-72B1-3894-8AE7-FB8DD0E5654A}.RelWithDebInfo|x64.ActiveCfg = RelWithDebInfo|x64
		{33EC032D-72B1-3894-8AE7-FB8DD0E5654A}.RelWithDebInfo|x64.Build.0 = RelWithDebInfo|x64
		{33EC032D-72B1-3894-8AE7-FB8DD0E5654A}.RelWithDebInfo|x86.ActiveCfg = RelWithDebInfo|x64
		{50774147-3AF8-4DC5-AD38-262E583D45C7}.Debug|x64.ActiveCfg = Release|x64
		{50774147-3AF8-4DC5-AD38-262E583D45C7}.Debug|x86.ActiveCfg = Release|x64
		{50774147-3AF8-4DC5-AD38-262E583D45C7}.MinSizeRel|x64.ActiveCfg = Release|x64
		{50774147-3AF8-4DC5-AD38-262E583D45C7}.MinSizeRel|x86.ActiveCfg = Release|x64
		{50774147-3AF8-4DC5-AD38-262E583D45C7}.Release|x64.ActiveCfg = Release|x64
		{50774147-3AF8-4DC5-AD38-262E583D45C7}.Release|x86.ActiveCfg = Release|x64
		{50774147-3AF8-4DC5-AD38-262E583D45C7}.RelWithDebInfo|x64.ActiveCfg = Release|x64
		{50774147-3AF8-4DC5-AD38-262E583D45C7}.RelWithDebInfo|x86.ActiveCfg = Release|x64
		{97A13EC2-5405-45EA-8256-550B962E626F}.Debug|x64.ActiveCfg = Release|x64
		{97A13EC2-5405-45EA-8256-550B962E626F}.Debug|x86.ActiveCfg = Release|x64
		{97A13EC2-5405-45EA-8256-550B962E626F}.MinSizeRel|x64.ActiveCfg = Release|x64
		{97A13EC2-5405-45EA-8256-550B962E626F}.MinSizeRel|x86.ActiveCfg = Release|x64
		{97A13EC2-5405-45EA-8256-550B962E626F}.Release|x64.ActiveCfg = Release|x64
		{97A13EC2-5405-45EA-8256-550B962E626F}.Release|x86.ActiveCfg = Release|x64
		{97A13EC2-5405-45EA-8256-550B962E626F}.RelWithDebInfo|x64.ActiveCfg = Release|x64
		{97A13EC2-5405-45EA-8256-550B962E626F}.RelWithDebInfo|x86.ActiveCfg = Release|x64
		{B944B739-3C38-4551-A865-A953EA43614E}.Debug|x64.ActiveCfg = Release|x64
		{B944B739-3C38-4551-A865-A953EA43614E}.Debug|x86.ActiveCfg = Release|x64
		{B944B739-3C38-4551-A865-A953EA43614E}.MinSizeRel|x64.ActiveCfg = Release|x64
		{B944B739-3C38-4551-A865-A953EA43614E}.MinSizeRel|x86.ActiveCfg = Release|x64
		{B944B739-3C38-4551-A865-A953EA43614E}.Release|x64.ActiveCfg = Release|x64
		{B944B739-3C38-4551-A865-A953EA43614E}.Release|x86.ActiveCfg = Release|x64
		{B944B739-3C38-4551-A865-A953EA43614E}.RelWithDebInfo|x64.ActiveCfg = Release|x64
		{B944B739-3C38-4551-A865-A953EA43614E}.RelWithDebInfo|x86.ActiveCfg = Release|x64
		{949E7FA5-D484-45B0-A98A-3CC0F5FDCD5A}.Debug|x64.ActiveCfg = Release|x64
		{949E7FA5-D484-45B0-A98A-3CC0F5FDCD5A}.Debug|x86.ActiveCfg = Release|x64
		{949E7FA5-D484-45B0-A98A-3CC0F5FDCD5A}.MinSizeRel|x64.ActiveCfg = Release|x64
		{949E7FA5-D484-45B0-A98A-3CC0F5FDCD5A}.MinSizeRel|x86.ActiveCfg = Release|x64
		{949E7FA5-D484-45B0-A98A-3CC0F5FDCD5A}.Release|x64.ActiveCfg = Release|x64
		{949E7FA5-D484-45B0-A98A-3CC0F5FDCD5A}.Release|x86.ActiveCfg = Release|x64
		{949E7FA5-D484-45B0-A98A-3CC0F5FDCD5A}.RelWithDebInfo|x64.ActiveCfg = Release|x64
		{949E7FA5-D484-45B0-A98A-3CC0F5FDCD5A}.RelWithDebInfo|x86.ActiveCfg = Release|x64
	EndGlobalSection
	GlobalSection(SolutionProperties) = preSolution
		HideSolutionNode = FALSE
	EndGlobalSection
	GlobalSection(ExtensibilityGlobals) = postSolution
		SolutionGuid = {E19B9F1C-E634-4F6D-AC8F-2E4F61DF97F1}
	EndGlobalSection
EndGlobal
